
Microsoft Visual Studio Solution File, Format Version 12.00
# Visual Studio Version 17
VisualStudioVersion = 17.4.33110.190
MinimumVisualStudioVersion = 10.0.40219.1
Project("{9A19103F-16F7-4668-BE54-9A1E7A4F7556}") = "Cinema", "Cinema\Cinema.csproj", "{98E5974D-3375-452D-A61E-055D3CA78AC3}"
EndProject
Project("{9A19103F-16F7-4668-BE54-9A1E7A4F7556}") = "CinemaTest", "CinemaTest\CinemaTest.csproj", "{C7B3F7D9-C7D4-445D-BD6C-7C6ACE81A615}"
EndProject
Global
	GlobalSection(SolutionConfigurationPlatforms) = preSolution
		Debug|Any CPU = Debug|Any CPU
		Release|Any CPU = Release|Any CPU
	EndGlobalSection
	GlobalSection(ProjectConfigurationPlatforms) = postSolution
		{98E5974D-3375-452D-A61E-055D3CA78AC3}.Debug|Any CPU.ActiveCfg = Debug|Any CPU
		{98E5974D-3375-452D-A61E-055D3CA78AC3}.Debug|Any CPU.Build.0 = Debug|Any CPU
		{98E5974D-3375-452D-A61E-055D3CA78AC3}.Release|Any CPU.ActiveCfg = Release|Any CPU
		{98E5974D-3375-452D-A61E-055D3CA78AC3}.Release|Any CPU.Build.0 = Release|Any CPU
		{C7B3F7D9-C7D4-445D-BD6C-7C6ACE81A615}.Debug|Any CPU.ActiveCfg = Debug|Any CPU
		{C7B3F7D9-C7D4-445D-BD6C-7C6ACE81A615}.Debug|Any CPU.Build.0 = Debug|Any CPU
		{C7B3F7D9-C7D4-445D-BD6C-7C6ACE81A615}.Release|Any CPU.ActiveCfg = Release|Any CPU
		{C7B3F7D9-C7D4-445D-BD6C-7C6ACE81A615}.Release|Any CPU.Build.0 = Release|Any CPU
	EndGlobalSection
	GlobalSection(SolutionProperties) = preSolution
		HideSolutionNode = FALSE
	EndGlobalSection
	GlobalSection(ExtensibilityGlobals) = postSolution
		SolutionGuid = {C0B5D576-BC95-4A20-BB3F-09A0A0D4ADD1}
	EndGlobalSection
EndGlobal
